
Microsoft Visual Studio Solution File, Format Version 12.00
# Visual Studio Version 16
VisualStudioVersion = 16.0.30523.141
MinimumVisualStudioVersion = 10.0.40219.1
Project("{FAE04EC0-301F-11D3-BF4B-00C04F79EFBC}") = "Data", "Data\Data.csproj", "{4EE05E8B-3896-404A-AEBB-13B9CEEB9B35}"
EndProject
Global
	GlobalSection(SolutionConfigurationPlatforms) = preSolution
		Debug|Any CPU = Debug|Any CPU
		Release|Any CPU = Release|Any CPU
	EndGlobalSection
	GlobalSection(ProjectConfigurationPlatforms) = postSolution
		{4EE05E8B-3896-404A-AEBB-13B9CEEB9B35}.Debug|Any CPU.ActiveCfg = Debug|Any CPU
		{4EE05E8B-3896-404A-AEBB-13B9CEEB9B35}.Debug|Any CPU.Build.0 = Debug|Any CPU
		{4EE05E8B-3896-404A-AEBB-13B9CEEB9B35}.Release|Any CPU.ActiveCfg = Release|Any CPU
		{4EE05E8B-3896-404A-AEBB-13B9CEEB9B35}.Release|Any CPU.Build.0 = Release|Any CPU
	EndGlobalSection
	GlobalSection(SolutionProperties) = preSolution
		HideSolutionNode = FALSE
	EndGlobalSection
	GlobalSection(ExtensibilityGlobals) = postSolution
		SolutionGuid = {A9311A50-89D7-43B2-812B-B120F681176B}
	EndGlobalSection
EndGlobal
